
Microsoft Visual Studio Solution File, Format Version 12.00
# Visual Studio Version 16
VisualStudioVersion = 16.0.28803.202
MinimumVisualStudioVersion = 10.0.40219.1
Project("{9A19103F-16F7-4668-BE54-9A1E7A4F7556}") = "LivrariaApi.Autenticacao", "LivrariaApi.Autenticacao.csproj", "{1EF3C4CB-075E-49EA-9F79-EB3C02E745F4}"
EndProject
Global
	GlobalSection(SolutionConfigurationPlatforms) = preSolution
		Debug|Any CPU = Debug|Any CPU
		Release|Any CPU = Release|Any CPU
	EndGlobalSection
	GlobalSection(ProjectConfigurationPlatforms) = postSolution
		{1EF3C4CB-075E-49EA-9F79-EB3C02E745F4}.Debug|Any CPU.ActiveCfg = Debug|Any CPU
		{1EF3C4CB-075E-49EA-9F79-EB3C02E745F4}.Debug|Any CPU.Build.0 = Debug|Any CPU
		{1EF3C4CB-075E-49EA-9F79-EB3C02E745F4}.Release|Any CPU.ActiveCfg = Release|Any CPU
		{1EF3C4CB-075E-49EA-9F79-EB3C02E745F4}.Release|Any CPU.Build.0 = Release|Any CPU
	EndGlobalSection
	GlobalSection(SolutionProperties) = preSolution
		HideSolutionNode = FALSE
	EndGlobalSection
	GlobalSection(ExtensibilityGlobals) = postSolution
		SolutionGuid = {169C1CB7-6277-4A24-B539-E93C0E4FEFA0}
	EndGlobalSection
EndGlobal
